
Microsoft Visual Studio Solution File, Format Version 12.00
# Visual Studio 15
Project("{FAE04EC0-301F-11D3-BF4B-00C04F79EFBC}") = "plant1", "plant1\plant1.csproj", "{2F035B22-DA08-4ADB-B55C-6A242FE28A7D}"
EndProject
Global
	GlobalSection(SolutionConfigurationPlatforms) = preSolution
		Debug|Any CPU = Debug|Any CPU
		Release|Any CPU = Release|Any CPU
	EndGlobalSection
	GlobalSection(ProjectConfigurationPlatforms) = postSolution
		{2F035B22-DA08-4ADB-B55C-6A242FE28A7D}.Debug|Any CPU.ActiveCfg = Debug|Any CPU
		{2F035B22-DA08-4ADB-B55C-6A242FE28A7D}.Debug|Any CPU.Build.0 = Debug|Any CPU
		{2F035B22-DA08-4ADB-B55C-6A242FE28A7D}.Release|Any CPU.ActiveCfg = Release|Any CPU
		{2F035B22-DA08-4ADB-B55C-6A242FE28A7D}.Release|Any CPU.Build.0 = Release|Any CPU
	EndGlobalSection
EndGlobal
