
Microsoft Visual Studio Solution File, Format Version 12.00
# Visual Studio 15
Project("{FAE04EC0-301F-11D3-BF4B-00C04F79EFBC}") = "Plant1", "Plant1\Plant1.csproj", "{21034ADA-9A1D-49D6-BFCA-B5B273F637FF}"
EndProject
Global
	GlobalSection(SolutionConfigurationPlatforms) = preSolution
		Debug|Any CPU = Debug|Any CPU
		Release|Any CPU = Release|Any CPU
	EndGlobalSection
	GlobalSection(ProjectConfigurationPlatforms) = postSolution
		{21034ADA-9A1D-49D6-BFCA-B5B273F637FF}.Debug|Any CPU.ActiveCfg = Debug|Any CPU
		{21034ADA-9A1D-49D6-BFCA-B5B273F637FF}.Debug|Any CPU.Build.0 = Debug|Any CPU
		{21034ADA-9A1D-49D6-BFCA-B5B273F637FF}.Release|Any CPU.ActiveCfg = Release|Any CPU
		{21034ADA-9A1D-49D6-BFCA-B5B273F637FF}.Release|Any CPU.Build.0 = Release|Any CPU
	EndGlobalSection
EndGlobal
